
Microsoft Visual Studio Solution File, Format Version 12.00
# Visual Studio 2012
Project("{FAE04EC0-301F-11D3-BF4B-00C04F79EFBC}") = "OneBuildExample.Core", "OneBuildExample.Core\OneBuildExample.Core.csproj", "{78EEA5A4-52BF-4B8D-9750-F87D76FA5107}"
EndProject
Project("{2150E333-8FDC-42A3-9474-1A3956D46DE8}") = ".nuget", ".nuget", "{87C7847D-9B8E-4CE6-B24C-C5487E44D286}"
	ProjectSection(SolutionItems) = preProject
		.nuget\packages.config = .nuget\packages.config
	EndProjectSection
EndProject
Global
	GlobalSection(SolutionConfigurationPlatforms) = preSolution
		Debug|Any CPU = Debug|Any CPU
		Release|Any CPU = Release|Any CPU
	EndGlobalSection
	GlobalSection(ProjectConfigurationPlatforms) = postSolution
		{78EEA5A4-52BF-4B8D-9750-F87D76FA5107}.Debug|Any CPU.ActiveCfg = Debug|Any CPU
		{78EEA5A4-52BF-4B8D-9750-F87D76FA5107}.Debug|Any CPU.Build.0 = Debug|Any CPU
		{78EEA5A4-52BF-4B8D-9750-F87D76FA5107}.Release|Any CPU.ActiveCfg = Release|Any CPU
		{78EEA5A4-52BF-4B8D-9750-F87D76FA5107}.Release|Any CPU.Build.0 = Release|Any CPU
	EndGlobalSection
	GlobalSection(SolutionProperties) = preSolution
		HideSolutionNode = FALSE
	EndGlobalSection
EndGlobal
